#MicroXplorer Configuration settings - do not modify
Mcu.Family=STM32F4
ProjectManager.MainLocation=Core/Src
Dma.UART4_TX.1.PeriphDataAlignment=DMA_PDATAALIGN_BYTE
SH.S_TIM4_CH2.ConfNb=1
PH0-OSC_IN.Signal=RCC_OSC_IN
RCC.CortexFreq_Value=168000000
Dma.UART5_RX.2.Instance=DMA1_Stream0
ProjectManager.KeepUserCode=true
Mcu.UserName=STM32F407VGTx
PD15.GPIO_Speed=GPIO_SPEED_FREQ_VERY_HIGH
NVIC.DMA1_Stream2_IRQn=true\:0\:0\:false\:false\:true\:false\:true
RCC.PLLCLKFreq_Value=168000000
PC12.Signal=UART5_TX
RCC.PLLQCLKFreq_Value=84000000
TIM3.EncoderMode=TIM_ENCODERMODE_TI12
ProjectManager.functionlistsort=1-MX_GPIO_Init-GPIO-false-HAL-true,2-MX_DMA_Init-DMA-false-HAL-true,3-SystemClock_Config-RCC-false-HAL-false,4-MX_TIM3_Init-TIM3-false-HAL-true,5-MX_TIM4_Init-TIM4-false-HAL-true,6-MX_UART4_Init-UART4-false-HAL-true,7-MX_UART5_Init-UART5-false-HAL-true,8-MX_TIM2_Init-TIM2-false-HAL-true,9-MX_TIM9_Init-TIM9-false-HAL-true
RCC.RTCFreq_Value=32000
TIM2.EncoderMode=TIM_ENCODERMODE_TI12
NVIC.DMA1_Stream4_IRQn=true\:0\:0\:false\:false\:true\:false\:true
PinOutPanel.RotationAngle=0
PB3.GPIO_Speed=GPIO_SPEED_FREQ_VERY_HIGH
RCC.SYSCLKSource=RCC_SYSCLKSOURCE_PLLCLK
ProjectManager.StackSize=0x400
PD13.Signal=S_TIM4_CH2
Mcu.IP4=TIM2
RCC.FCLKCortexFreq_Value=168000000
Mcu.IP5=TIM3
NVIC.SVCall_IRQn=true\:0\:0\:false\:false\:true\:false\:false
Mcu.IP2=RCC
Mcu.IP3=SYS
Mcu.IP0=DMA
Mcu.IP1=NVIC
PD15.GPIOParameters=GPIO_Speed,GPIO_PuPd
Mcu.UserConstants=
SH.S_TIM3_CH2.ConfNb=1
Mcu.ThirdPartyNb=0
RCC.HCLKFreq_Value=168000000
Mcu.IPNb=10
RCC.I2SClocksFreq_Value=192000000
TIM2.IPParameters=Period,AutoReloadPreload,EncoderMode
ProjectManager.PreviousToolchain=
RCC.APB2TimFreq_Value=168000000
RCC.VcooutputI2S=192000000
Mcu.Pin6=PA7
Mcu.Pin7=PD12
Mcu.Pin8=PD13
Mcu.Pin9=PD15
RCC.AHBFreq_Value=168000000
PH0-OSC_IN.Mode=HSE-External-Oscillator
Mcu.Pin0=PH0-OSC_IN
Mcu.Pin1=PH1-OSC_OUT
Dma.UART4_TX.1.FIFOMode=DMA_FIFOMODE_DISABLE
GPIO.groupedBy=Group By Peripherals
Mcu.Pin2=PA0-WKUP
Mcu.Pin3=PA1
Mcu.Pin4=PA5
Mcu.Pin5=PA6
ProjectManager.ProjectBuild=false
RCC.HSE_VALUE=8000000
NVIC.UsageFault_IRQn=true\:0\:0\:false\:false\:true\:false\:false
NVIC.DebugMonitor_IRQn=true\:0\:0\:false\:false\:true\:false\:false
Dma.UART4_TX.1.Mode=DMA_NORMAL
NVIC.SysTick_IRQn=true\:0\:0\:false\:false\:true\:false\:true
Dma.UART4_RX.0.MemDataAlignment=DMA_MDATAALIGN_BYTE
ProjectManager.FirmwarePackage=STM32Cube FW_F4 V1.26.1
MxDb.Version=DB.6.0.21
PA6.GPIO_PuPd=GPIO_PULLUP
PB3.GPIO_PuPd=GPIO_PULLUP
ProjectManager.BackupPrevious=false
RCC.VCOInputFreq_Value=2000000
PA14.Mode=Serial_Wire
Dma.UART5_RX.2.Priority=DMA_PRIORITY_LOW
PA5.GPIO_PuPd=GPIO_PULLUP
File.Version=6
SH.S_TIM4_CH2.0=TIM4_CH2,PWM Generation2 CH2
PB3.GPIOParameters=GPIO_Speed,GPIO_PuPd
Dma.UART4_RX.0.PeriphDataAlignment=DMA_PDATAALIGN_BYTE
NVIC.PendSV_IRQn=true\:0\:0\:false\:false\:true\:false\:false
SH.S_TIM3_CH1.0=TIM3_CH1,Encoder_Interface
TIM4.Period=1200-1
Dma.RequestsNb=3
Dma.UART5_RX.2.PeriphInc=DMA_PINC_DISABLE
ProjectManager.HalAssertFull=false
TIM9.Prescaler=840-1
ProjectManager.ProjectName=Thesis_STM32F4_Project
PH1-OSC_OUT.Mode=HSE-External-Oscillator
RCC.MCO2PinFreq_Value=168000000
Mcu.Package=LQFP100
PA6.Signal=S_TIM3_CH1
PD12.Signal=S_TIM4_CH1
Dma.UART4_TX.1.MemInc=DMA_MINC_ENABLE
ProjectManager.ToolChainLocation=
PD15.GPIO_PuPd=GPIO_PULLUP
RCC.LSI_VALUE=32000
VP_SYS_VS_Systick.Signal=SYS_VS_Systick
Dma.UART4_TX.1.PeriphInc=DMA_PINC_DISABLE
UART5.IPParameters=VirtualMode
PA5.GPIOParameters=GPIO_Speed,GPIO_PuPd
RCC.APB2CLKDivider=RCC_HCLK_DIV2
SH.S_TIM4_CH1.0=TIM4_CH1,PWM Generation1 CH1
Dma.Request2=UART5_RX
Dma.Request1=UART4_TX
RCC.APB1TimFreq_Value=84000000
NVIC.BusFault_IRQn=true\:0\:0\:false\:false\:true\:false\:false
NVIC.DMA1_Stream0_IRQn=true\:0\:0\:false\:false\:true\:false\:true
PA6.GPIO_Speed=GPIO_SPEED_FREQ_VERY_HIGH
Dma.Request0=UART4_RX
PD15.Signal=GPIO_Output
TIM9.IPParameters=Prescaler,Period,AutoReloadPreload
ProjectManager.CustomerFirmwarePackage=
TIM9.Period=2000-1
Dma.UART5_RX.2.FIFOMode=DMA_FIFOMODE_DISABLE
PA6.GPIOParameters=GPIO_Speed,GPIO_PuPd
Dma.UART4_RX.0.MemInc=DMA_MINC_ENABLE
RCC.PLLSourceVirtual=RCC_PLLSOURCE_HSE
TIM4.Channel-PWM\ Generation1\ CH1=TIM_CHANNEL_1
SH.S_TIM4_CH1.ConfNb=1
ProjectManager.ProjectFileName=Thesis_STM32F4_Project.ioc
TIM4.AutoReloadPreload=TIM_AUTORELOAD_PRELOAD_ENABLE
PD12.GPIO_Speed=GPIO_SPEED_FREQ_VERY_HIGH
UART4.IPParameters=VirtualMode
Mcu.PinsNb=18
TIM3.AutoReloadPreload=TIM_AUTORELOAD_PRELOAD_ENABLE
ProjectManager.NoMain=false
Dma.UART4_RX.0.Mode=DMA_NORMAL
PD13.GPIOParameters=GPIO_Speed,GPIO_PuPd
ProjectManager.DefaultFWLocation=true
ProjectManager.DeletePrevious=true
UART5.VirtualMode=Asynchronous
RCC.APB1CLKDivider=RCC_HCLK_DIV4
UART4.VirtualMode=Asynchronous
Dma.UART5_RX.2.MemInc=DMA_MINC_ENABLE
SH.S_TIM2_CH1_ETR.ConfNb=1
RCC.FamilyName=M
VP_TIM9_VS_ClockSourceINT.Signal=TIM9_VS_ClockSourceINT
PA0-WKUP.Signal=UART4_TX
PA0-WKUP.Mode=Asynchronous
PA13.Signal=SYS_JTMS-SWDIO
SH.S_TIM2_CH2.0=TIM2_CH2,Encoder_Interface
Dma.UART4_RX.0.Direction=DMA_PERIPH_TO_MEMORY
PD12.GPIOParameters=GPIO_Speed,GPIO_PuPd
VP_TIM4_VS_ClockSourceINT.Signal=TIM4_VS_ClockSourceINT
ProjectManager.TargetToolchain=STM32CubeIDE
Dma.UART4_TX.1.Instance=DMA1_Stream4
TIM4.IPParameters=Channel-PWM Generation1 CH1,Channel-PWM Generation2 CH2,Prescaler,Period,AutoReloadPreload
SH.S_TIM2_CH2.ConfNb=1
ProjectManager.RegisterCallBack=
Dma.UART4_RX.0.PeriphInc=DMA_PINC_DISABLE
TIM4.Prescaler=8-1
RCC.LSE_VALUE=32768
PA7.GPIO_PuPd=GPIO_PULLUP
PA1.Signal=UART4_RX
RCC.VCOI2SOutputFreq_Value=384000000
PD2.Mode=Asynchronous
PA5.Signal=S_TIM2_CH1_ETR
SH.S_TIM3_CH2.0=TIM3_CH2,Encoder_Interface
PC12.Mode=Asynchronous
board=custom
PD13.GPIO_Speed=GPIO_SPEED_FREQ_VERY_HIGH
RCC.VCOOutputFreq_Value=336000000
ProjectManager.LastFirmware=true
Dma.UART4_RX.0.FIFOMode=DMA_FIFOMODE_DISABLE
TIM9.AutoReloadPreload=TIM_AUTORELOAD_PRELOAD_ENABLE
PA7.GPIO_Speed=GPIO_SPEED_FREQ_VERY_HIGH
VP_TIM9_VS_ClockSourceINT.Mode=Internal
Dma.UART4_RX.0.Priority=DMA_PRIORITY_MEDIUM
TIM4.Channel-PWM\ Generation2\ CH2=TIM_CHANNEL_2
RCC.APB2Freq_Value=84000000
PA1.Mode=Asynchronous
MxCube.Version=6.2.1
Dma.UART5_RX.2.RequestParameters=Instance,Direction,PeriphInc,MemInc,PeriphDataAlignment,MemDataAlignment,Mode,Priority,FIFOMode
VP_SYS_VS_Systick.Mode=SysTick
RCC.EthernetFreq_Value=168000000
TIM3.IPParameters=AutoReloadPreload,EncoderMode
PH1-OSC_OUT.Signal=RCC_OSC_OUT
Dma.UART4_RX.0.RequestParameters=Instance,Direction,PeriphInc,MemInc,PeriphDataAlignment,MemDataAlignment,Mode,Priority,FIFOMode
PD13.GPIO_PuPd=GPIO_PULLUP
NVIC.NonMaskableInt_IRQn=true\:0\:0\:false\:false\:true\:false\:false
TIM2.Period=65535
PA13.Mode=Serial_Wire
ProjectManager.FreePins=false
RCC.IPParameters=48MHZClocksFreq_Value,AHBFreq_Value,APB1CLKDivider,APB1Freq_Value,APB1TimFreq_Value,APB2CLKDivider,APB2Freq_Value,APB2TimFreq_Value,CortexFreq_Value,EthernetFreq_Value,FCLKCortexFreq_Value,FamilyName,HCLKFreq_Value,HSE_VALUE,HSI_VALUE,I2SClocksFreq_Value,LSE_VALUE,LSI_VALUE,MCO2PinFreq_Value,PLLCLKFreq_Value,PLLM,PLLN,PLLQCLKFreq_Value,PLLSourceVirtual,RTCFreq_Value,RTCHSEDivFreq_Value,SYSCLKFreq_VALUE,SYSCLKSource,VCOI2SOutputFreq_Value,VCOInputFreq_Value,VCOOutputFreq_Value,VcooutputI2S
ProjectManager.AskForMigrate=true
Mcu.Name=STM32F407V(E-G)Tx
NVIC.TIM1_BRK_TIM9_IRQn=true\:0\:0\:false\:false\:true\:true\:true
RCC.RTCHSEDivFreq_Value=4000000
ProjectManager.UnderRoot=true
Mcu.IP8=UART4
Mcu.IP9=UART5
Mcu.IP6=TIM4
Mcu.IP7=TIM9
ProjectManager.CoupleFile=false
RCC.48MHZClocksFreq_Value=84000000
PB3.Signal=S_TIM2_CH2
RCC.SYSCLKFreq_VALUE=168000000
NVIC.ForceEnableDMAVector=true
KeepUserPlacement=false
NVIC.MemoryManagement_IRQn=true\:0\:0\:false\:false\:true\:false\:false
ProjectManager.CompilerOptimize=6
PD15.Locked=true
SH.S_TIM2_CH1_ETR.0=TIM2_CH1,Encoder_Interface
PA14.Signal=SYS_JTCK-SWCLK
ProjectManager.HeapSize=0x200
Mcu.Pin15=VP_SYS_VS_Systick
Dma.UART5_RX.2.Mode=DMA_NORMAL
NVIC.HardFault_IRQn=true\:0\:0\:false\:false\:true\:false\:false
Mcu.Pin16=VP_TIM4_VS_ClockSourceINT
Dma.UART4_TX.1.Priority=DMA_PRIORITY_HIGH
Mcu.Pin13=PD2
Mcu.Pin14=PB3
Dma.UART4_TX.1.RequestParameters=Instance,Direction,PeriphInc,MemInc,PeriphDataAlignment,MemDataAlignment,Mode,Priority,FIFOMode
SH.S_TIM3_CH1.ConfNb=1
ProjectManager.ComputerToolchain=false
Mcu.Pin17=VP_TIM9_VS_ClockSourceINT
RCC.HSI_VALUE=16000000
VP_TIM4_VS_ClockSourceINT.Mode=Internal
PA5.GPIO_Speed=GPIO_SPEED_FREQ_VERY_HIGH
NVIC.PriorityGroup=NVIC_PRIORITYGROUP_4
Mcu.Pin11=PA14
Dma.UART5_RX.2.Direction=DMA_PERIPH_TO_MEMORY
Mcu.Pin12=PC12
RCC.PLLM=4
RCC.PLLN=168
Mcu.Pin10=PA13
Dma.UART4_RX.0.Instance=DMA1_Stream2
Dma.UART4_TX.1.MemDataAlignment=DMA_MDATAALIGN_BYTE
TIM2.AutoReloadPreload=TIM_AUTORELOAD_PRELOAD_ENABLE
PD2.Signal=UART5_RX
RCC.APB1Freq_Value=42000000
PA7.GPIOParameters=GPIO_Speed,GPIO_PuPd
ProjectManager.DeviceId=STM32F407VGTx
Dma.UART5_RX.2.PeriphDataAlignment=DMA_PDATAALIGN_BYTE
Dma.UART5_RX.2.MemDataAlignment=DMA_MDATAALIGN_BYTE
ProjectManager.LibraryCopy=1
PD12.GPIO_PuPd=GPIO_PULLUP
PA7.Signal=S_TIM3_CH2
Dma.UART4_TX.1.Direction=DMA_MEMORY_TO_PERIPH
isbadioc=false
